
Microsoft Visual Studio Solution File, Format Version 12.00
# Visual Studio Version 17
VisualStudioVersion = 17.11.35312.102
MinimumVisualStudioVersion = 10.0.40219.1
Project("{9A19103F-16F7-4668-BE54-9A1E7A4F7556}") = "MezzexEyeV-1", "MezzexEyeV-1\MezzexEyeV-1.csproj", "{BE43D4F1-0037-4D13-83E5-64EA40CDF48F}"
EndProject
Global
	GlobalSection(SolutionConfigurationPlatforms) = preSolution
		Debug|Any CPU = Debug|Any CPU
		Release|Any CPU = Release|Any CPU
	EndGlobalSection
	GlobalSection(ProjectConfigurationPlatforms) = postSolution
		{BE43D4F1-0037-4D13-83E5-64EA40CDF48F}.Debug|Any CPU.ActiveCfg = Debug|Any CPU
		{BE43D4F1-0037-4D13-83E5-64EA40CDF48F}.Debug|Any CPU.Build.0 = Debug|Any CPU
		{BE43D4F1-0037-4D13-83E5-64EA40CDF48F}.Debug|Any CPU.Deploy.0 = Debug|Any CPU
		{BE43D4F1-0037-4D13-83E5-64EA40CDF48F}.Release|Any CPU.ActiveCfg = Release|Any CPU
		{BE43D4F1-0037-4D13-83E5-64EA40CDF48F}.Release|Any CPU.Build.0 = Release|Any CPU
		{BE43D4F1-0037-4D13-83E5-64EA40CDF48F}.Release|Any CPU.Deploy.0 = Release|Any CPU
	EndGlobalSection
	GlobalSection(SolutionProperties) = preSolution
		HideSolutionNode = FALSE
	EndGlobalSection
	GlobalSection(ExtensibilityGlobals) = postSolution
		SolutionGuid = {81BCC61B-9A7B-4D68-B80D-FBC3AB496F1F}
	EndGlobalSection
EndGlobal
